
Microsoft Visual Studio Solution File, Format Version 12.00
# Visual Studio 2012
Project("{8BC9CEB8-8B4A-11D0-8D11-00A0C91BC942}") = "SocialMediaAnalysis", "SocialMediaAnalysis\SocialMediaAnalysis.vcxproj", "{09841960-620D-493F-ABF4-70117C8E5545}"
EndProject
Global
	GlobalSection(SolutionConfigurationPlatforms) = preSolution
		Debug|Win32 = Debug|Win32
		Release|Win32 = Release|Win32
	EndGlobalSection
	GlobalSection(ProjectConfigurationPlatforms) = postSolution
		{09841960-620D-493F-ABF4-70117C8E5545}.Debug|Win32.ActiveCfg = Debug|Win32
		{09841960-620D-493F-ABF4-70117C8E5545}.Debug|Win32.Build.0 = Debug|Win32
		{09841960-620D-493F-ABF4-70117C8E5545}.Release|Win32.ActiveCfg = Release|Win32
		{09841960-620D-493F-ABF4-70117C8E5545}.Release|Win32.Build.0 = Release|Win32
	EndGlobalSection
	GlobalSection(SolutionProperties) = preSolution
		HideSolutionNode = FALSE
	EndGlobalSection
EndGlobal
